
Microsoft Visual Studio Solution File, Format Version 12.00
# Visual Studio Version 17
VisualStudioVersion = 17.8.34511.84
MinimumVisualStudioVersion = 10.0.40219.1
Project("{9A19103F-16F7-4668-BE54-9A1E7A4F7556}") = "PizzaExpress.Entities", "PizzaExpress.Entities\PizzaExpress.Entities.csproj", "{79AED076-E289-493F-85A9-A090D779644B}"
EndProject
Project("{9A19103F-16F7-4668-BE54-9A1E7A4F7556}") = "PizzaExpress.Repositories", "PizzaExpress.Repositories\PizzaExpress.Repositories.csproj", "{087B942C-9D82-4E91-A1C9-E86A6BA07F5B}"
EndProject
Project("{9A19103F-16F7-4668-BE54-9A1E7A4F7556}") = "PizzaExpress.Services", "PizzaExpress.Services\PizzaExpress.Services.csproj", "{7B0C8C0C-F990-45B9-B775-73A0D0A79071}"
EndProject
Project("{9A19103F-16F7-4668-BE54-9A1E7A4F7556}") = "PizzaExpress.WebUI", "PizzaExpress.WebUI\PizzaExpress.WebUI.csproj", "{1323B541-3DBD-4CBC-8B13-9173B4CCA7B3}"
EndProject
Global
	GlobalSection(SolutionConfigurationPlatforms) = preSolution
		Debug|Any CPU = Debug|Any CPU
		Debug|x64 = Debug|x64
		Release|Any CPU = Release|Any CPU
		Release|x64 = Release|x64
	EndGlobalSection
	GlobalSection(ProjectConfigurationPlatforms) = postSolution
		{79AED076-E289-493F-85A9-A090D779644B}.Debug|Any CPU.ActiveCfg = Debug|Any CPU
		{79AED076-E289-493F-85A9-A090D779644B}.Debug|Any CPU.Build.0 = Debug|Any CPU
		{79AED076-E289-493F-85A9-A090D779644B}.Debug|x64.ActiveCfg = Debug|x64
		{79AED076-E289-493F-85A9-A090D779644B}.Debug|x64.Build.0 = Debug|x64
		{79AED076-E289-493F-85A9-A090D779644B}.Release|Any CPU.ActiveCfg = Release|Any CPU
		{79AED076-E289-493F-85A9-A090D779644B}.Release|Any CPU.Build.0 = Release|Any CPU
		{79AED076-E289-493F-85A9-A090D779644B}.Release|x64.ActiveCfg = Release|x64
		{79AED076-E289-493F-85A9-A090D779644B}.Release|x64.Build.0 = Release|x64
		{087B942C-9D82-4E91-A1C9-E86A6BA07F5B}.Debug|Any CPU.ActiveCfg = Debug|Any CPU
		{087B942C-9D82-4E91-A1C9-E86A6BA07F5B}.Debug|Any CPU.Build.0 = Debug|Any CPU
		{087B942C-9D82-4E91-A1C9-E86A6BA07F5B}.Debug|x64.ActiveCfg = Debug|x64
		{087B942C-9D82-4E91-A1C9-E86A6BA07F5B}.Debug|x64.Build.0 = Debug|x64
		{087B942C-9D82-4E91-A1C9-E86A6BA07F5B}.Release|Any CPU.ActiveCfg = Release|Any CPU
		{087B942C-9D82-4E91-A1C9-E86A6BA07F5B}.Release|Any CPU.Build.0 = Release|Any CPU
		{087B942C-9D82-4E91-A1C9-E86A6BA07F5B}.Release|x64.ActiveCfg = Release|x64
		{087B942C-9D82-4E91-A1C9-E86A6BA07F5B}.Release|x64.Build.0 = Release|x64
		{7B0C8C0C-F990-45B9-B775-73A0D0A79071}.Debug|Any CPU.ActiveCfg = Debug|Any CPU
		{7B0C8C0C-F990-45B9-B775-73A0D0A79071}.Debug|Any CPU.Build.0 = Debug|Any CPU
		{7B0C8C0C-F990-45B9-B775-73A0D0A79071}.Debug|x64.ActiveCfg = Debug|x64
		{7B0C8C0C-F990-45B9-B775-73A0D0A79071}.Debug|x64.Build.0 = Debug|x64
		{7B0C8C0C-F990-45B9-B775-73A0D0A79071}.Release|Any CPU.ActiveCfg = Release|Any CPU
		{7B0C8C0C-F990-45B9-B775-73A0D0A79071}.Release|Any CPU.Build.0 = Release|Any CPU
		{7B0C8C0C-F990-45B9-B775-73A0D0A79071}.Release|x64.ActiveCfg = Release|x64
		{7B0C8C0C-F990-45B9-B775-73A0D0A79071}.Release|x64.Build.0 = Release|x64
		{1323B541-3DBD-4CBC-8B13-9173B4CCA7B3}.Debug|Any CPU.ActiveCfg = Debug|Any CPU
		{1323B541-3DBD-4CBC-8B13-9173B4CCA7B3}.Debug|Any CPU.Build.0 = Debug|Any CPU
		{1323B541-3DBD-4CBC-8B13-9173B4CCA7B3}.Debug|x64.ActiveCfg = Debug|x64
		{1323B541-3DBD-4CBC-8B13-9173B4CCA7B3}.Debug|x64.Build.0 = Debug|x64
		{1323B541-3DBD-4CBC-8B13-9173B4CCA7B3}.Release|Any CPU.ActiveCfg = Release|Any CPU
		{1323B541-3DBD-4CBC-8B13-9173B4CCA7B3}.Release|Any CPU.Build.0 = Release|Any CPU
		{1323B541-3DBD-4CBC-8B13-9173B4CCA7B3}.Release|x64.ActiveCfg = Release|x64
		{1323B541-3DBD-4CBC-8B13-9173B4CCA7B3}.Release|x64.Build.0 = Release|x64
	EndGlobalSection
	GlobalSection(SolutionProperties) = preSolution
		HideSolutionNode = FALSE
	EndGlobalSection
	GlobalSection(ExtensibilityGlobals) = postSolution
		SolutionGuid = {AE800EEB-0788-4022-B40D-49575E459120}
	EndGlobalSection
EndGlobal
